{
  "name": "saas-master-builder",
  "version": "1.0.0",
  "lockfileVersion": 3,
  "requires": true,
  "packages": {
    "": {
      "name": "saas-master-builder",
      "version": "1.0.0",
      "license": "MIT",
      "bin": {
        "saas-master": "bin/cli.js",
        "saas-master-builder": "bin/cli.js"
      },
      "engines": {
        "node": ">=18.0.0"
      }
    }
  }
}
